
Microsoft Visual Studio Solution File, Format Version 12.00
# Visual Studio Version 16
VisualStudioVersion = 16.0.32630.194
MinimumVisualStudioVersion = 10.0.40219.1
Project("{FAE04EC0-301F-11D3-BF4B-00C04F79EFBC}") = "CarWashApi", "CarWashApi.csproj", "{841D4FEA-6B03-4AFF-AB9D-8D92504190A1}"
EndProject
Global
	GlobalSection(SolutionConfigurationPlatforms) = preSolution
		Debug|Any CPU = Debug|Any CPU
		Release|Any CPU = Release|Any CPU
	EndGlobalSection
	GlobalSection(ProjectConfigurationPlatforms) = postSolution
		{841D4FEA-6B03-4AFF-AB9D-8D92504190A1}.Debug|Any CPU.ActiveCfg = Debug|Any CPU
		{841D4FEA-6B03-4AFF-AB9D-8D92504190A1}.Debug|Any CPU.Build.0 = Debug|Any CPU
		{841D4FEA-6B03-4AFF-AB9D-8D92504190A1}.Release|Any CPU.ActiveCfg = Release|Any CPU
		{841D4FEA-6B03-4AFF-AB9D-8D92504190A1}.Release|Any CPU.Build.0 = Release|Any CPU
	EndGlobalSection
	GlobalSection(SolutionProperties) = preSolution
		HideSolutionNode = FALSE
	EndGlobalSection
	GlobalSection(ExtensibilityGlobals) = postSolution
		SolutionGuid = {50368F05-E069-4378-969C-94423FD40F0A}
	EndGlobalSection
EndGlobal
